
Microsoft Visual Studio Solution File, Format Version 12.00
# Visual Studio Version 17
VisualStudioVersion = 17.5.002.0
MinimumVisualStudioVersion = 10.0.40219.1
Project("{9A19103F-16F7-4668-BE54-9A1E7A4F7556}") = "find_name_array", "find_name_array.csproj", "{D371118B-A64F-490B-AAA8-B819A252208C}"
EndProject
Global
	GlobalSection(SolutionConfigurationPlatforms) = preSolution
		Debug|Any CPU = Debug|Any CPU
		Release|Any CPU = Release|Any CPU
	EndGlobalSection
	GlobalSection(ProjectConfigurationPlatforms) = postSolution
		{D371118B-A64F-490B-AAA8-B819A252208C}.Debug|Any CPU.ActiveCfg = Debug|Any CPU
		{D371118B-A64F-490B-AAA8-B819A252208C}.Debug|Any CPU.Build.0 = Debug|Any CPU
		{D371118B-A64F-490B-AAA8-B819A252208C}.Release|Any CPU.ActiveCfg = Release|Any CPU
		{D371118B-A64F-490B-AAA8-B819A252208C}.Release|Any CPU.Build.0 = Release|Any CPU
	EndGlobalSection
	GlobalSection(SolutionProperties) = preSolution
		HideSolutionNode = FALSE
	EndGlobalSection
	GlobalSection(ExtensibilityGlobals) = postSolution
		SolutionGuid = {A1543E80-1777-4E33-B9B5-277D04F7A495}
	EndGlobalSection
EndGlobal
